
Microsoft Visual Studio Solution File, Format Version 12.00
# Visual Studio Version 16
VisualStudioVersion = 16.0.31702.278
MinimumVisualStudioVersion = 10.0.40219.1
Project("{9A19103F-16F7-4668-BE54-9A1E7A4F7556}") = "CSharpAdvanced.Delegates", "CSharpAdvanced.Delegates\CSharpAdvanced.Delegates.csproj", "{C1778800-BBD9-4E0E-B861-87B92B2DA72C}"
EndProject
Project("{9A19103F-16F7-4668-BE54-9A1E7A4F7556}") = "CSharpAdvanced.Events", "CSharpAdvanced.Events\CSharpAdvanced.Events.csproj", "{57913FF5-5A92-4D94-B298-152A50BC4757}"
EndProject
Project("{FAE04EC0-301F-11D3-BF4B-00C04F79EFBC}") = "CSharpAdvanced.OOP.Constructor", "CSharpAdvanced.OOP.Constructor\CSharpAdvanced.OOP.Constructor.csproj", "{11A39B7E-6FCD-4B58-884A-C4FB0BBC966C}"
EndProject
Project("{FAE04EC0-301F-11D3-BF4B-00C04F79EFBC}") = "CSharpAdvanced.OOP.Properties", "CSharpAdvanced.OOP.Properties\CSharpAdvanced.OOP.Properties.csproj", "{B5F9D849-D2EC-4390-B41D-5E7D356E7676}"
EndProject
Project("{FAE04EC0-301F-11D3-BF4B-00C04F79EFBC}") = "CSharpAdvanced.OOP.Indexers", "CSharpAdvanced.OOP.Indexers\CSharpAdvanced.OOP.Indexers.csproj", "{AA7777CF-03D9-4EC7-AE36-BC0716079520}"
EndProject
Global
	GlobalSection(SolutionConfigurationPlatforms) = preSolution
		Debug|Any CPU = Debug|Any CPU
		Release|Any CPU = Release|Any CPU
	EndGlobalSection
	GlobalSection(ProjectConfigurationPlatforms) = postSolution
		{C1778800-BBD9-4E0E-B861-87B92B2DA72C}.Debug|Any CPU.ActiveCfg = Debug|Any CPU
		{C1778800-BBD9-4E0E-B861-87B92B2DA72C}.Debug|Any CPU.Build.0 = Debug|Any CPU
		{C1778800-BBD9-4E0E-B861-87B92B2DA72C}.Release|Any CPU.ActiveCfg = Release|Any CPU
		{C1778800-BBD9-4E0E-B861-87B92B2DA72C}.Release|Any CPU.Build.0 = Release|Any CPU
		{57913FF5-5A92-4D94-B298-152A50BC4757}.Debug|Any CPU.ActiveCfg = Debug|Any CPU
		{57913FF5-5A92-4D94-B298-152A50BC4757}.Debug|Any CPU.Build.0 = Debug|Any CPU
		{57913FF5-5A92-4D94-B298-152A50BC4757}.Release|Any CPU.ActiveCfg = Release|Any CPU
		{57913FF5-5A92-4D94-B298-152A50BC4757}.Release|Any CPU.Build.0 = Release|Any CPU
		{11A39B7E-6FCD-4B58-884A-C4FB0BBC966C}.Debug|Any CPU.ActiveCfg = Debug|Any CPU
		{11A39B7E-6FCD-4B58-884A-C4FB0BBC966C}.Debug|Any CPU.Build.0 = Debug|Any CPU
		{11A39B7E-6FCD-4B58-884A-C4FB0BBC966C}.Release|Any CPU.ActiveCfg = Release|Any CPU
		{11A39B7E-6FCD-4B58-884A-C4FB0BBC966C}.Release|Any CPU.Build.0 = Release|Any CPU
		{B5F9D849-D2EC-4390-B41D-5E7D356E7676}.Debug|Any CPU.ActiveCfg = Debug|Any CPU
		{B5F9D849-D2EC-4390-B41D-5E7D356E7676}.Debug|Any CPU.Build.0 = Debug|Any CPU
		{B5F9D849-D2EC-4390-B41D-5E7D356E7676}.Release|Any CPU.ActiveCfg = Release|Any CPU
		{B5F9D849-D2EC-4390-B41D-5E7D356E7676}.Release|Any CPU.Build.0 = Release|Any CPU
		{AA7777CF-03D9-4EC7-AE36-BC0716079520}.Debug|Any CPU.ActiveCfg = Debug|Any CPU
		{AA7777CF-03D9-4EC7-AE36-BC0716079520}.Debug|Any CPU.Build.0 = Debug|Any CPU
		{AA7777CF-03D9-4EC7-AE36-BC0716079520}.Release|Any CPU.ActiveCfg = Release|Any CPU
		{AA7777CF-03D9-4EC7-AE36-BC0716079520}.Release|Any CPU.Build.0 = Release|Any CPU
	EndGlobalSection
	GlobalSection(SolutionProperties) = preSolution
		HideSolutionNode = FALSE
	EndGlobalSection
	GlobalSection(ExtensibilityGlobals) = postSolution
		SolutionGuid = {9E3E4494-D49D-4B71-8E7E-3D3374783264}
	EndGlobalSection
EndGlobal
